
Microsoft Visual Studio Solution File, Format Version 12.00
# Visual Studio Version 16
VisualStudioVersion = 16.0.30907.101
MinimumVisualStudioVersion = 10.0.40219.1
Project("{FAE04EC0-301F-11D3-BF4B-00C04F79EFBC}") = "miniClockT2", "miniClockT2\miniClockT2.csproj", "{9C1721AB-695E-4543-A05C-A1C297B6BA9C}"
EndProject
Project("{FAE04EC0-301F-11D3-BF4B-00C04F79EFBC}") = "miniClock", "miniClock\miniClock.csproj", "{4456F2E6-5021-48F5-A957-2F9A3084AA39}"
EndProject
Global
	GlobalSection(SolutionConfigurationPlatforms) = preSolution
		Debug|Any CPU = Debug|Any CPU
		Release|Any CPU = Release|Any CPU
	EndGlobalSection
	GlobalSection(ProjectConfigurationPlatforms) = postSolution
		{9C1721AB-695E-4543-A05C-A1C297B6BA9C}.Debug|Any CPU.ActiveCfg = Debug|Any CPU
		{9C1721AB-695E-4543-A05C-A1C297B6BA9C}.Debug|Any CPU.Build.0 = Debug|Any CPU
		{9C1721AB-695E-4543-A05C-A1C297B6BA9C}.Release|Any CPU.ActiveCfg = Release|Any CPU
		{9C1721AB-695E-4543-A05C-A1C297B6BA9C}.Release|Any CPU.Build.0 = Release|Any CPU
		{4456F2E6-5021-48F5-A957-2F9A3084AA39}.Debug|Any CPU.ActiveCfg = Debug|Any CPU
		{4456F2E6-5021-48F5-A957-2F9A3084AA39}.Debug|Any CPU.Build.0 = Debug|Any CPU
		{4456F2E6-5021-48F5-A957-2F9A3084AA39}.Release|Any CPU.ActiveCfg = Release|Any CPU
		{4456F2E6-5021-48F5-A957-2F9A3084AA39}.Release|Any CPU.Build.0 = Release|Any CPU
	EndGlobalSection
	GlobalSection(SolutionProperties) = preSolution
		HideSolutionNode = FALSE
	EndGlobalSection
	GlobalSection(ExtensibilityGlobals) = postSolution
		SolutionGuid = {4D19C385-171A-4A9F-A138-C06945A63BFA}
	EndGlobalSection
EndGlobal
